{
  "name": "LogAITuber",
  "lockfileVersion": 2,
  "requires": true,
  "packages": {
    "": {
      "dependencies": {
        "three": "^0.146.0",
        "three-css2drender": "^1.0.0",
        "three-obj-mtl-loader": "^1.0.3",
        "three-orbit-controls": "^82.1.0"
      }
    },
    "node_modules/three": {
      "version": "0.146.0",
      "resolved": "https://registry.npmjs.org/three/-/three-0.146.0.tgz",
      "integrity": "sha512-1lvNfLezN6OJ9NaFAhfX4sm5e9YCzHtaRgZ1+B4C+Hv6TibRMsuBAM5/wVKzxjpYIlMymvgsHEFrrigEfXnb2A=="
    },
    "node_modules/three-css2drender": {
      "version": "1.0.0",
      "resolved": "https://registry.npmjs.org/three-css2drender/-/three-css2drender-1.0.0.tgz",
      "integrity": "sha512-redDCSBDvgxiJIm6EDT8WO5WJTVg5gUEy/vjtAgJa/zX4peEUnZ8K+mXo6v94EudbnuI5h48/hQo9NExf04ENg==",
      "peerDependencies": {
        "three": ">= 0.91"
      }
    },
    "node_modules/three-obj-mtl-loader": {
      "version": "1.0.3",
      "resolved": "https://registry.npmjs.org/three-obj-mtl-loader/-/three-obj-mtl-loader-1.0.3.tgz",
      "integrity": "sha512-0z7BfyG6vYPY9RvxJvL4rq8PbNrF42Kn4zxeqTfeDzJN++2oKbtCQhxHs5vLULnDuCRTEyDFf5TYvO+1vnJ7KQ==",
      "peerDependencies": {
        "three": ">= 0.91"
      }
    },
    "node_modules/three-orbit-controls": {
      "version": "82.1.0",
      "resolved": "https://registry.npmjs.org/three-orbit-controls/-/three-orbit-controls-82.1.0.tgz",
      "integrity": "sha512-hIWxGoHqIbeq0S2lA14m9VRzo7SamKKVJ9mKMT/rdh0Qa3nV5Umvhlx4zsHl0Y6jLKVZhjatJfeD/K08Tr/g4A=="
    }
  },
  "dependencies": {
    "three": {
      "version": "0.146.0",
      "resolved": "https://registry.npmjs.org/three/-/three-0.146.0.tgz",
      "integrity": "sha512-1lvNfLezN6OJ9NaFAhfX4sm5e9YCzHtaRgZ1+B4C+Hv6TibRMsuBAM5/wVKzxjpYIlMymvgsHEFrrigEfXnb2A=="
    },
    "three-css2drender": {
      "version": "1.0.0",
      "resolved": "https://registry.npmjs.org/three-css2drender/-/three-css2drender-1.0.0.tgz",
      "integrity": "sha512-redDCSBDvgxiJIm6EDT8WO5WJTVg5gUEy/vjtAgJa/zX4peEUnZ8K+mXo6v94EudbnuI5h48/hQo9NExf04ENg==",
      "requires": {}
    },
    "three-obj-mtl-loader": {
      "version": "1.0.3",
      "resolved": "https://registry.npmjs.org/three-obj-mtl-loader/-/three-obj-mtl-loader-1.0.3.tgz",
      "integrity": "sha512-0z7BfyG6vYPY9RvxJvL4rq8PbNrF42Kn4zxeqTfeDzJN++2oKbtCQhxHs5vLULnDuCRTEyDFf5TYvO+1vnJ7KQ==",
      "requires": {}
    },
    "three-orbit-controls": {
      "version": "82.1.0",
      "resolved": "https://registry.npmjs.org/three-orbit-controls/-/three-orbit-controls-82.1.0.tgz",
      "integrity": "sha512-hIWxGoHqIbeq0S2lA14m9VRzo7SamKKVJ9mKMT/rdh0Qa3nV5Umvhlx4zsHl0Y6jLKVZhjatJfeD/K08Tr/g4A=="
    }
  }
}
